
Microsoft Visual Studio Solution File, Format Version 12.00
# Visual Studio Version 17
VisualStudioVersion = 17.5.002.0
MinimumVisualStudioVersion = 10.0.40219.1
Project("{2150E333-8FDC-42A3-9474-1A3956D46DE8}") = "src", "src", "{224BD139-C666-49E4-9A97-5D2418383D22}"
EndProject
Project("{9A19103F-16F7-4668-BE54-9A1E7A4F7556}") = "MvcMovieApp", "src\MvcMovieApp\MvcMovieApp.csproj", "{F51B69B5-C1B8-457E-B62D-099520834851}"
EndProject
Global
	GlobalSection(SolutionConfigurationPlatforms) = preSolution
		Debug|Any CPU = Debug|Any CPU
		Release|Any CPU = Release|Any CPU
	EndGlobalSection
	GlobalSection(ProjectConfigurationPlatforms) = postSolution
		{F51B69B5-C1B8-457E-B62D-099520834851}.Debug|Any CPU.ActiveCfg = Debug|Any CPU
		{F51B69B5-C1B8-457E-B62D-099520834851}.Debug|Any CPU.Build.0 = Debug|Any CPU
		{F51B69B5-C1B8-457E-B62D-099520834851}.Release|Any CPU.ActiveCfg = Release|Any CPU
		{F51B69B5-C1B8-457E-B62D-099520834851}.Release|Any CPU.Build.0 = Release|Any CPU
	EndGlobalSection
	GlobalSection(SolutionProperties) = preSolution
		HideSolutionNode = FALSE
	EndGlobalSection
	GlobalSection(NestedProjects) = preSolution
		{F51B69B5-C1B8-457E-B62D-099520834851} = {224BD139-C666-49E4-9A97-5D2418383D22}
	EndGlobalSection
	GlobalSection(ExtensibilityGlobals) = postSolution
		SolutionGuid = {FCD46D70-E57B-4F10-930A-BF7C88DEA64D}
	EndGlobalSection
EndGlobal
